// !$*UTF8*$!
{
	archiveVersion = 1;
	classes = {
	};
	objectVersion = 60;
	objects = {

/* Begin PBXBuildFile section */
		A00000000000000000000001 /* RoomlingsApp.swift in Sources */ = {isa = PBXBuildFile; fileRef = B00000000000000000000001 /* RoomlingsApp.swift */; };
		A00000000000000000000002 /* RoomPreviewScreen.swift in Sources */ = {isa = PBXBuildFile; fileRef = B00000000000000000000002 /* RoomPreviewScreen.swift */; };
		A00000000000000000000003 /* RoomWebView.swift in Sources */ = {isa = PBXBuildFile; fileRef = B00000000000000000000003 /* RoomWebView.swift */; };
		A00000000000000000000004 /* RoomlingsCore in Frameworks */ = {isa = PBXBuildFile; productRef = F00000000000000000000002 /* RoomlingsCore */; };
		A00000000000000000000005 /* RoomBridgeTests.swift in Sources */ = {isa = PBXBuildFile; fileRef = B00000000000000000000005 /* RoomBridgeTests.swift */; };
		A00000000000000000000006 /* RoomlingsUITests.swift in Sources */ = {isa = PBXBuildFile; fileRef = B00000000000000000000006 /* RoomlingsUITests.swift */; };
		A00000000000000000000007 /* AccountModel.swift in Sources */ = {isa = PBXBuildFile; fileRef = B0000000000000000000000B /* AccountModel.swift */; };
		A00000000000000000000008 /* AccountSheet.swift in Sources */ = {isa = PBXBuildFile; fileRef = B0000000000000000000000C /* AccountSheet.swift */; };
		A00000000000000000000009 /* RoomVisualState.swift in Sources */ = {isa = PBXBuildFile; fileRef = B0000000000000000000000D /* RoomVisualState.swift */; };
		A0000000000000000000000A /* AccountUITests.swift in Sources */ = {isa = PBXBuildFile; fileRef = B00000000000000000000010 /* AccountUITests.swift */; };
		A0000000000000000000000B /* RoomTheme.swift in Sources */ = {isa = PBXBuildFile; fileRef = B00000000000000000000011 /* RoomTheme.swift */; };
		A0000000000000000000000C /* WebThemeValues.swift in Sources */ = {isa = PBXBuildFile; fileRef = B00000000000000000000012 /* WebThemeValues.swift */; };
		A0000000000000000000000D /* Resources/Fonts in Resources */ = {isa = PBXBuildFile; fileRef = B00000000000000000000013 /* Resources/Fonts */; };
		A0000000000000000000000E /* Wait.swift in Sources */ = {isa = PBXBuildFile; fileRef = B00000000000000000000015 /* Wait.swift */; };
		A0000000000000000000000F /* ChoresSheet.swift in Sources */ = {isa = PBXBuildFile; fileRef = B00000000000000000000016 /* ChoresSheet.swift */; };
		A00000000000000000000010 /* ChoreForm.swift in Sources */ = {isa = PBXBuildFile; fileRef = B00000000000000000000017 /* ChoreForm.swift */; };
		A00000000000000000000011 /* ChoreCatalog.swift in Sources */ = {isa = PBXBuildFile; fileRef = B00000000000000000000018 /* ChoreCatalog.swift */; };
		A00000000000000000000012 /* ChoreCalendar.swift in Sources */ = {isa = PBXBuildFile; fileRef = B00000000000000000000019 /* ChoreCalendar.swift */; };
		A00000000000000000000013 /* RoomControlStyles.swift in Sources */ = {isa = PBXBuildFile; fileRef = B0000000000000000000001A /* RoomControlStyles.swift */; };
		A00000000000000000000014 /* ShoppingSheet.swift in Sources */ = {isa = PBXBuildFile; fileRef = B0000000000000000000001B /* ShoppingSheet.swift */; };
		A00000000000000000000015 /* ShoppingUITests.swift in Sources */ = {isa = PBXBuildFile; fileRef = B0000000000000000000001C /* ShoppingUITests.swift */; };
		A0000000000000000000001A /* MoneyUITests.swift in Sources */ = {isa = PBXBuildFile; fileRef = B00000000000000000000021 /* MoneyUITests.swift */; };
		A00000000000000000000016 /* RoomSheetLoading.swift in Sources */ = {isa = PBXBuildFile; fileRef = B0000000000000000000001D /* RoomSheetLoading.swift */; };
		A00000000000000000000017 /* ReceiptForm.swift in Sources */ = {isa = PBXBuildFile; fileRef = B0000000000000000000001E /* ReceiptForm.swift */; };
		A00000000000000000000018 /* Money.swift in Sources */ = {isa = PBXBuildFile; fileRef = B0000000000000000000001F /* Money.swift */; };
		A00000000000000000000019 /* MoneySheet.swift in Sources */ = {isa = PBXBuildFile; fileRef = B00000000000000000000020 /* MoneySheet.swift */; };
		A0000000000000000000001B /* AccountInvitationsSection.swift in Sources */ = {isa = PBXBuildFile; fileRef = B00000000000000000000022 /* AccountInvitationsSection.swift */; };
		A0000000000000000000001C /* InvitationModelTests.swift in Sources */ = {isa = PBXBuildFile; fileRef = B00000000000000000000023 /* InvitationModelTests.swift */; };
		A0000000000000000000001D /* InvitationUITests.swift in Sources */ = {isa = PBXBuildFile; fileRef = B00000000000000000000024 /* InvitationUITests.swift */; };
		A0000000000000000000001E /* NativeNotifications.swift in Sources */ = {isa = PBXBuildFile; fileRef = B00000000000000000000025 /* NativeNotifications.swift */; };
		A0000000000000000000001F /* AccountNotificationsSection.swift in Sources */ = {isa = PBXBuildFile; fileRef = B00000000000000000000026 /* AccountNotificationsSection.swift */; };
		A00000000000000000000020 /* NotificationModelTests.swift in Sources */ = {isa = PBXBuildFile; fileRef = B00000000000000000000028 /* NotificationModelTests.swift */; };
		A00000000000000000000021 /* NotificationUITests.swift in Sources */ = {isa = PBXBuildFile; fileRef = B00000000000000000000029 /* NotificationUITests.swift */; };
/* End PBXBuildFile section */

/* Begin PBXContainerItemProxy section */
		D00000000000000000000021 /* PBXContainerItemProxy */ = {
			isa = PBXContainerItemProxy;
			containerPortal = F00000000000000000000001 /* Project object */;
			proxyType = 1;
			remoteGlobalIDString = D00000000000000000000001;
			remoteInfo = Roomlings;
		};
/* End PBXContainerItemProxy section */

/* Begin PBXFileReference section */
		B00000000000000000000001 /* RoomlingsApp.swift */ = {isa = PBXFileReference; lastKnownFileType = sourcecode.swift; path = RoomlingsApp.swift; sourceTree = "<group>"; };
		B00000000000000000000002 /* RoomPreviewScreen.swift */ = {isa = PBXFileReference; lastKnownFileType = sourcecode.swift; path = RoomPreviewScreen.swift; sourceTree = "<group>"; };
		B00000000000000000000003 /* RoomWebView.swift */ = {isa = PBXFileReference; lastKnownFileType = sourcecode.swift; path = RoomWebView.swift; sourceTree = "<group>"; };
		B00000000000000000000004 /* Info.plist */ = {isa = PBXFileReference; lastKnownFileType = text.plist.xml; path = Info.plist; sourceTree = "<group>"; };
		B00000000000000000000005 /* RoomBridgeTests.swift */ = {isa = PBXFileReference; lastKnownFileType = sourcecode.swift; path = RoomBridgeTests.swift; sourceTree = "<group>"; };
		B00000000000000000000006 /* RoomlingsUITests.swift */ = {isa = PBXFileReference; lastKnownFileType = sourcecode.swift; path = RoomlingsUITests.swift; sourceTree = "<group>"; };
		B00000000000000000000007 /* Shared.xcconfig */ = {isa = PBXFileReference; lastKnownFileType = text.xcconfig; path = Shared.xcconfig; sourceTree = "<group>"; };
		B00000000000000000000008 /* Roomlings.app */ = {isa = PBXFileReference; explicitFileType = wrapper.application; includeInIndex = 0; path = Roomlings.app; sourceTree = BUILT_PRODUCTS_DIR; };
		B00000000000000000000009 /* RoomlingsTests.xctest */ = {isa = PBXFileReference; explicitFileType = wrapper.cfbundle; includeInIndex = 0; path = RoomlingsTests.xctest; sourceTree = BUILT_PRODUCTS_DIR; };
		B0000000000000000000000A /* RoomlingsUITests.xctest */ = {isa = PBXFileReference; explicitFileType = wrapper.cfbundle; includeInIndex = 0; path = RoomlingsUITests.xctest; sourceTree = BUILT_PRODUCTS_DIR; };
		B0000000000000000000000B /* AccountModel.swift */ = {isa = PBXFileReference; lastKnownFileType = sourcecode.swift; path = AccountModel.swift; sourceTree = "<group>"; };
		B0000000000000000000000C /* AccountSheet.swift */ = {isa = PBXFileReference; lastKnownFileType = sourcecode.swift; path = AccountSheet.swift; sourceTree = "<group>"; };
		B0000000000000000000000D /* RoomVisualState.swift */ = {isa = PBXFileReference; lastKnownFileType = sourcecode.swift; path = RoomVisualState.swift; sourceTree = "<group>"; };
		B0000000000000000000000E /* Debug.xcconfig */ = {isa = PBXFileReference; lastKnownFileType = text.xcconfig; path = Debug.xcconfig; sourceTree = "<group>"; };
		B0000000000000000000000F /* Release.xcconfig */ = {isa = PBXFileReference; lastKnownFileType = text.xcconfig; path = Release.xcconfig; sourceTree = "<group>"; };
		B00000000000000000000010 /* AccountUITests.swift */ = {isa = PBXFileReference; lastKnownFileType = sourcecode.swift; path = AccountUITests.swift; sourceTree = "<group>"; };
		B00000000000000000000011 /* RoomTheme.swift */ = {isa = PBXFileReference; lastKnownFileType = sourcecode.swift; path = RoomTheme.swift; sourceTree = "<group>"; };
		B00000000000000000000012 /* WebThemeValues.swift */ = {isa = PBXFileReference; lastKnownFileType = sourcecode.swift; path = WebThemeValues.swift; sourceTree = DERIVED_FILE_DIR; };
		B00000000000000000000013 /* Resources/Fonts */ = {isa = PBXFileReference; lastKnownFileType = folder; path = Resources/Fonts; sourceTree = "<group>"; };
		B00000000000000000000014 /* Info.plist */ = {isa = PBXFileReference; lastKnownFileType = text.plist.xml; path = Info.plist; sourceTree = "<group>"; };
		B00000000000000000000015 /* Wait.swift */ = {isa = PBXFileReference; lastKnownFileType = sourcecode.swift; path = Wait.swift; sourceTree = "<group>"; };
		B00000000000000000000016 /* ChoresSheet.swift */ = {isa = PBXFileReference; lastKnownFileType = sourcecode.swift; path = ChoresSheet.swift; sourceTree = "<group>"; };
		B00000000000000000000017 /* ChoreForm.swift */ = {isa = PBXFileReference; lastKnownFileType = sourcecode.swift; path = ChoreForm.swift; sourceTree = "<group>"; };
		B00000000000000000000018 /* ChoreCatalog.swift */ = {isa = PBXFileReference; lastKnownFileType = sourcecode.swift; path = ChoreCatalog.swift; sourceTree = "<group>"; };
		B00000000000000000000019 /* ChoreCalendar.swift */ = {isa = PBXFileReference; lastKnownFileType = sourcecode.swift; path = ChoreCalendar.swift; sourceTree = "<group>"; };
		B0000000000000000000001A /* RoomControlStyles.swift */ = {isa = PBXFileReference; lastKnownFileType = sourcecode.swift; path = RoomControlStyles.swift; sourceTree = "<group>"; };
		B0000000000000000000001B /* ShoppingSheet.swift */ = {isa = PBXFileReference; lastKnownFileType = sourcecode.swift; path = ShoppingSheet.swift; sourceTree = "<group>"; };
		B0000000000000000000001C /* ShoppingUITests.swift */ = {isa = PBXFileReference; lastKnownFileType = sourcecode.swift; path = ShoppingUITests.swift; sourceTree = "<group>"; };
		B00000000000000000000021 /* MoneyUITests.swift */ = {isa = PBXFileReference; lastKnownFileType = sourcecode.swift; path = MoneyUITests.swift; sourceTree = "<group>"; };
		B0000000000000000000001D /* RoomSheetLoading.swift */ = {isa = PBXFileReference; lastKnownFileType = sourcecode.swift; path = RoomSheetLoading.swift; sourceTree = "<group>"; };
		B0000000000000000000001E /* ReceiptForm.swift */ = {isa = PBXFileReference; lastKnownFileType = sourcecode.swift; path = ReceiptForm.swift; sourceTree = "<group>"; };
		B0000000000000000000001F /* Money.swift */ = {isa = PBXFileReference; lastKnownFileType = sourcecode.swift; path = Money.swift; sourceTree = "<group>"; };
		B00000000000000000000020 /* MoneySheet.swift */ = {isa = PBXFileReference; lastKnownFileType = sourcecode.swift; path = MoneySheet.swift; sourceTree = "<group>"; };
		B00000000000000000000022 /* AccountInvitationsSection.swift */ = {isa = PBXFileReference; lastKnownFileType = sourcecode.swift; path = AccountInvitationsSection.swift; sourceTree = "<group>"; };
		B00000000000000000000023 /* InvitationModelTests.swift */ = {isa = PBXFileReference; lastKnownFileType = sourcecode.swift; path = InvitationModelTests.swift; sourceTree = "<group>"; };
		B00000000000000000000024 /* InvitationUITests.swift */ = {isa = PBXFileReference; lastKnownFileType = sourcecode.swift; path = InvitationUITests.swift; sourceTree = "<group>"; };
		B00000000000000000000025 /* NativeNotifications.swift */ = {isa = PBXFileReference; lastKnownFileType = sourcecode.swift; path = NativeNotifications.swift; sourceTree = "<group>"; };
		B00000000000000000000026 /* AccountNotificationsSection.swift */ = {isa = PBXFileReference; lastKnownFileType = sourcecode.swift; path = AccountNotificationsSection.swift; sourceTree = "<group>"; };
		B00000000000000000000027 /* Roomlings.entitlements */ = {isa = PBXFileReference; lastKnownFileType = text.plist.entitlements; path = Roomlings.entitlements; sourceTree = "<group>"; };
		B00000000000000000000028 /* NotificationModelTests.swift */ = {isa = PBXFileReference; lastKnownFileType = sourcecode.swift; path = NotificationModelTests.swift; sourceTree = "<group>"; };
		B00000000000000000000029 /* NotificationUITests.swift */ = {isa = PBXFileReference; lastKnownFileType = sourcecode.swift; path = NotificationUITests.swift; sourceTree = "<group>"; };
/* End PBXFileReference section */

/* Begin PBXFrameworksBuildPhase section */
		D00000000000000000000012 /* Frameworks */ = {
			isa = PBXFrameworksBuildPhase;
			buildActionMask = 2147483647;
			files = (
				A00000000000000000000004 /* RoomlingsCore in Frameworks */,
			);
			runOnlyForDeploymentPostprocessing = 0;
		};
		D00000000000000000000015 /* Frameworks */ = {
			isa = PBXFrameworksBuildPhase;
			buildActionMask = 2147483647;
			files = (
			);
			runOnlyForDeploymentPostprocessing = 0;
		};
		D00000000000000000000017 /* Frameworks */ = {
			isa = PBXFrameworksBuildPhase;
			buildActionMask = 2147483647;
			files = (
			);
			runOnlyForDeploymentPostprocessing = 0;
		};
/* End PBXFrameworksBuildPhase section */

/* Begin PBXGroup section */
		C00000000000000000000001 = {
			isa = PBXGroup;
			children = (
				C00000000000000000000002 /* Roomlings */,
				C00000000000000000000003 /* RoomlingsTests */,
				C00000000000000000000004 /* RoomlingsUITests */,
				C00000000000000000000005 /* Configuration */,
				C00000000000000000000006 /* Products */,
			);
			sourceTree = "<group>";
		};
		C00000000000000000000002 /* Roomlings */ = {
			isa = PBXGroup;
			children = (
				B00000000000000000000001 /* RoomlingsApp.swift */,
				B00000000000000000000002 /* RoomPreviewScreen.swift */,
				B00000000000000000000003 /* RoomWebView.swift */,
				B00000000000000000000004 /* Info.plist */,
				B0000000000000000000000B /* AccountModel.swift */,
				B0000000000000000000000C /* AccountSheet.swift */,
				B0000000000000000000000D /* RoomVisualState.swift */,
				B00000000000000000000011 /* RoomTheme.swift */,
				B00000000000000000000012 /* WebThemeValues.swift */,
				B00000000000000000000013 /* Resources/Fonts */,
				B00000000000000000000016 /* ChoresSheet.swift */,
				B00000000000000000000017 /* ChoreForm.swift */,
				B00000000000000000000018 /* ChoreCatalog.swift */,
				B00000000000000000000019 /* ChoreCalendar.swift */,
				B0000000000000000000001A /* RoomControlStyles.swift */,
				B0000000000000000000001B /* ShoppingSheet.swift */,
				B0000000000000000000001D /* RoomSheetLoading.swift */,
				B0000000000000000000001E /* ReceiptForm.swift */,
				B0000000000000000000001F /* Money.swift */,
				B00000000000000000000020 /* MoneySheet.swift */,
				B00000000000000000000022 /* AccountInvitationsSection.swift */,
				B00000000000000000000025 /* NativeNotifications.swift */,
				B00000000000000000000026 /* AccountNotificationsSection.swift */,
				B00000000000000000000027 /* Roomlings.entitlements */,
			);
			path = Roomlings;
			sourceTree = "<group>";
		};
		C00000000000000000000003 /* RoomlingsTests */ = {
			isa = PBXGroup;
			children = (
				B00000000000000000000005 /* RoomBridgeTests.swift */,
				B00000000000000000000023 /* InvitationModelTests.swift */,
				B00000000000000000000028 /* NotificationModelTests.swift */,
			);
			path = RoomlingsTests;
			sourceTree = "<group>";
		};
		C00000000000000000000004 /* RoomlingsUITests */ = {
			isa = PBXGroup;
			children = (
				B00000000000000000000006 /* RoomlingsUITests.swift */,
				B00000000000000000000010 /* AccountUITests.swift */,
				B0000000000000000000001C /* ShoppingUITests.swift */,
				B00000000000000000000021 /* MoneyUITests.swift */,
				B00000000000000000000024 /* InvitationUITests.swift */,
				B00000000000000000000029 /* NotificationUITests.swift */,
				B00000000000000000000015 /* Wait.swift */,
				B00000000000000000000014 /* Info.plist */,
			);
			path = RoomlingsUITests;
			sourceTree = "<group>";
		};
		C00000000000000000000005 /* Configuration */ = {
			isa = PBXGroup;
			children = (
				B00000000000000000000007 /* Shared.xcconfig */,
				B0000000000000000000000E /* Debug.xcconfig */,
				B0000000000000000000000F /* Release.xcconfig */,
			);
			path = Configuration;
			sourceTree = "<group>";
		};
		C00000000000000000000006 /* Products */ = {
			isa = PBXGroup;
			children = (
				B00000000000000000000008 /* Roomlings.app */,
				B00000000000000000000009 /* RoomlingsTests.xctest */,
				B0000000000000000000000A /* RoomlingsUITests.xctest */,
			);
			name = Products;
			sourceTree = "<group>";
		};
/* End PBXGroup section */

/* Begin PBXNativeTarget section */
		D00000000000000000000001 /* Roomlings */ = {
			isa = PBXNativeTarget;
			buildConfigurationList = E00000000000000000000002 /* Build configuration list for PBXNativeTarget "Roomlings" */;
			buildPhases = (
				D00000000000000000000010 /* Bundle shared web room */,
				D00000000000000000000011 /* Sources */,
				D00000000000000000000012 /* Frameworks */,
				D00000000000000000000013 /* Resources */,
			);
			buildRules = (
			);
			dependencies = (
			);
			name = Roomlings;
			packageProductDependencies = (
				F00000000000000000000002 /* RoomlingsCore */,
			);
			productName = Roomlings;
			productReference = B00000000000000000000008 /* Roomlings.app */;
			productType = "com.apple.product-type.application";
		};
		D00000000000000000000002 /* RoomlingsTests */ = {
			isa = PBXNativeTarget;
			buildConfigurationList = E00000000000000000000003 /* Build configuration list for PBXNativeTarget "RoomlingsTests" */;
			buildPhases = (
				D00000000000000000000014 /* Sources */,
				D00000000000000000000015 /* Frameworks */,
			);
			buildRules = (
			);
			dependencies = (
				D00000000000000000000020 /* PBXTargetDependency */,
			);
			name = RoomlingsTests;
			productName = RoomlingsTests;
			productReference = B00000000000000000000009 /* RoomlingsTests.xctest */;
			productType = "com.apple.product-type.bundle.unit-test";
		};
		D00000000000000000000003 /* RoomlingsUITests */ = {
			isa = PBXNativeTarget;
			buildConfigurationList = E00000000000000000000004 /* Build configuration list for PBXNativeTarget "RoomlingsUITests" */;
			buildPhases = (
				D00000000000000000000016 /* Sources */,
				D00000000000000000000017 /* Frameworks */,
			);
			buildRules = (
			);
			dependencies = (
				D00000000000000000000020 /* PBXTargetDependency */,
			);
			name = RoomlingsUITests;
			productName = RoomlingsUITests;
			productReference = B0000000000000000000000A /* RoomlingsUITests.xctest */;
			productType = "com.apple.product-type.bundle.ui-testing";
		};
/* End PBXNativeTarget section */

/* Begin PBXProject section */
		F00000000000000000000001 /* Project object */ = {
			isa = PBXProject;
			attributes = {
				BuildIndependentTargetsInParallel = YES;
				LastUpgradeCheck = 2660;
				TargetAttributes = {
					D00000000000000000000001 = {
						SystemCapabilities = {
							com.apple.Push = {enabled = 1; };
						};
					};
				};
			};
			buildConfigurationList = E00000000000000000000001 /* Build configuration list for PBXProject "Roomlings" */;
			compatibilityVersion = "Xcode 15.0";
			developmentRegion = en;
			hasScannedForEncodings = 0;
			knownRegions = (
				en,
				Base,
			);
			mainGroup = C00000000000000000000001;
			packageReferences = (
				F00000000000000000000003 /* XCLocalSwiftPackageReference "Packages/RoomlingsCore" */,
			);
			productRefGroup = C00000000000000000000006 /* Products */;
			projectDirPath = "";
			projectRoot = "";
			targets = (
				D00000000000000000000001 /* Roomlings */,
				D00000000000000000000002 /* RoomlingsTests */,
				D00000000000000000000003 /* RoomlingsUITests */,
			);
		};
/* End PBXProject section */

/* Begin PBXResourcesBuildPhase section */
		D00000000000000000000013 /* Resources */ = {
			isa = PBXResourcesBuildPhase;
			buildActionMask = 2147483647;
			files = (
				A0000000000000000000000D /* Resources/Fonts in Resources */,
			);
			runOnlyForDeploymentPostprocessing = 0;
		};
/* End PBXResourcesBuildPhase section */

/* Begin PBXShellScriptBuildPhase section */
		D00000000000000000000010 /* Bundle shared web room */ = {
			isa = PBXShellScriptBuildPhase;
			alwaysOutOfDate = 1;
			buildActionMask = 2147483647;
			files = (
			);
			inputPaths = (
			);
			name = "Bundle shared web room";
			outputPaths = (
				"$(DERIVED_FILE_DIR)/WebThemeValues.swift",
			);
			runOnlyForDeploymentPostprocessing = 0;
			shellPath = /bin/sh;
			shellScript = "set -eu\n\"${NODE_BINARY}\" \"${PROJECT_DIR}/Scripts/build-room.mjs\" --web-root \"${ROOMLINGS_WEB_ROOT}\"\n/usr/bin/ditto \"${PROJECT_DIR}/Build/RoomRenderer\" \"${BUILT_PRODUCTS_DIR}/${UNLOCALIZED_RESOURCES_FOLDER_PATH}/RoomRenderer\"\n";
		};
/* End PBXShellScriptBuildPhase section */

/* Begin PBXSourcesBuildPhase section */
		D00000000000000000000011 /* Sources */ = {
			isa = PBXSourcesBuildPhase;
			buildActionMask = 2147483647;
			files = (
				A00000000000000000000001 /* RoomlingsApp.swift in Sources */,
				A00000000000000000000002 /* RoomPreviewScreen.swift in Sources */,
				A00000000000000000000003 /* RoomWebView.swift in Sources */,
				A00000000000000000000007 /* AccountModel.swift in Sources */,
				A00000000000000000000008 /* AccountSheet.swift in Sources */,
				A00000000000000000000009 /* RoomVisualState.swift in Sources */,
				A0000000000000000000000B /* RoomTheme.swift in Sources */,
				A0000000000000000000000C /* WebThemeValues.swift in Sources */,
				A0000000000000000000000F /* ChoresSheet.swift in Sources */,
				A00000000000000000000010 /* ChoreForm.swift in Sources */,
				A00000000000000000000011 /* ChoreCatalog.swift in Sources */,
				A00000000000000000000012 /* ChoreCalendar.swift in Sources */,
				A00000000000000000000013 /* RoomControlStyles.swift in Sources */,
				A00000000000000000000014 /* ShoppingSheet.swift in Sources */,
				A00000000000000000000016 /* RoomSheetLoading.swift in Sources */,
				A00000000000000000000017 /* ReceiptForm.swift in Sources */,
				A00000000000000000000018 /* Money.swift in Sources */,
				A00000000000000000000019 /* MoneySheet.swift in Sources */,
				A0000000000000000000001B /* AccountInvitationsSection.swift in Sources */,
				A0000000000000000000001E /* NativeNotifications.swift in Sources */,
				A0000000000000000000001F /* AccountNotificationsSection.swift in Sources */,
			);
			runOnlyForDeploymentPostprocessing = 0;
		};
		D00000000000000000000014 /* Sources */ = {
			isa = PBXSourcesBuildPhase;
			buildActionMask = 2147483647;
			files = (
				A00000000000000000000005 /* RoomBridgeTests.swift in Sources */,
				A0000000000000000000001C /* InvitationModelTests.swift in Sources */,
				A00000000000000000000020 /* NotificationModelTests.swift in Sources */,
			);
			runOnlyForDeploymentPostprocessing = 0;
		};
		D00000000000000000000016 /* Sources */ = {
			isa = PBXSourcesBuildPhase;
			buildActionMask = 2147483647;
			files = (
				A00000000000000000000006 /* RoomlingsUITests.swift in Sources */,
				A0000000000000000000000A /* AccountUITests.swift in Sources */,
				A00000000000000000000015 /* ShoppingUITests.swift in Sources */,
				A0000000000000000000001A /* MoneyUITests.swift in Sources */,
				A0000000000000000000001D /* InvitationUITests.swift in Sources */,
				A00000000000000000000021 /* NotificationUITests.swift in Sources */,
				A0000000000000000000000E /* Wait.swift in Sources */,
			);
			runOnlyForDeploymentPostprocessing = 0;
		};
/* End PBXSourcesBuildPhase section */

/* Begin PBXTargetDependency section */
		D00000000000000000000020 /* PBXTargetDependency */ = {
			isa = PBXTargetDependency;
			target = D00000000000000000000001 /* Roomlings */;
			targetProxy = D00000000000000000000021 /* PBXContainerItemProxy */;
		};
/* End PBXTargetDependency section */

/* Begin XCBuildConfiguration section */
		E00000000000000000000010 /* Debug */ = {
			isa = XCBuildConfiguration;
			baseConfigurationReference = B0000000000000000000000E /* Debug.xcconfig */;
			buildSettings = {
				CLANG_ENABLE_MODULES = YES;
				CLANG_WARN_BLOCK_CAPTURE_AUTORELEASING = YES;
				CLANG_WARN_BOOL_CONVERSION = YES;
				CLANG_WARN_COMMA = YES;
				CLANG_WARN_CONSTANT_CONVERSION = YES;
				CLANG_WARN_DEPRECATED_OBJC_IMPLEMENTATIONS = YES;
				CLANG_WARN_EMPTY_BODY = YES;
				CLANG_WARN_ENUM_CONVERSION = YES;
				CLANG_WARN_INFINITE_RECURSION = YES;
				CLANG_WARN_INT_CONVERSION = YES;
				CLANG_WARN_NON_LITERAL_NULL_CONVERSION = YES;
				CLANG_WARN_OBJC_IMPLICIT_RETAIN_SELF = YES;
				CLANG_WARN_OBJC_LITERAL_CONVERSION = YES;
				CLANG_WARN_QUOTED_INCLUDE_IN_FRAMEWORK_HEADER = YES;
				CLANG_WARN_RANGE_LOOP_ANALYSIS = YES;
				CLANG_WARN_STRICT_PROTOTYPES = YES;
				CLANG_WARN_SUSPICIOUS_MOVE = YES;
				CLANG_WARN_UNREACHABLE_CODE = YES;
				CLANG_WARN__DUPLICATE_METHOD_MATCH = YES;
				DEBUG_INFORMATION_FORMAT = dwarf;
				ENABLE_STRICT_OBJC_MSGSEND = YES;
				ENABLE_TESTABILITY = YES;
				GCC_NO_COMMON_BLOCKS = YES;
				GCC_WARN_64_TO_32_BIT_CONVERSION = YES;
				GCC_WARN_ABOUT_RETURN_TYPE = YES;
				GCC_WARN_UNDECLARED_SELECTOR = YES;
				GCC_WARN_UNINITIALIZED_AUTOS = YES;
				GCC_WARN_UNUSED_FUNCTION = YES;
				GCC_WARN_UNUSED_VARIABLE = YES;
				ONLY_ACTIVE_ARCH = YES;
				SDKROOT = iphoneos;
				STRING_CATALOG_GENERATE_SYMBOLS = YES;
				SWIFT_ACTIVE_COMPILATION_CONDITIONS = DEBUG;
				SWIFT_OPTIMIZATION_LEVEL = "-Onone";
			};
			name = Debug;
		};
		E00000000000000000000011 /* Release */ = {
			isa = XCBuildConfiguration;
			baseConfigurationReference = B0000000000000000000000F /* Release.xcconfig */;
			buildSettings = {
				CLANG_ENABLE_MODULES = YES;
				CLANG_WARN_BLOCK_CAPTURE_AUTORELEASING = YES;
				CLANG_WARN_BOOL_CONVERSION = YES;
				CLANG_WARN_COMMA = YES;
				CLANG_WARN_CONSTANT_CONVERSION = YES;
				CLANG_WARN_DEPRECATED_OBJC_IMPLEMENTATIONS = YES;
				CLANG_WARN_EMPTY_BODY = YES;
				CLANG_WARN_ENUM_CONVERSION = YES;
				CLANG_WARN_INFINITE_RECURSION = YES;
				CLANG_WARN_INT_CONVERSION = YES;
				CLANG_WARN_NON_LITERAL_NULL_CONVERSION = YES;
				CLANG_WARN_OBJC_IMPLICIT_RETAIN_SELF = YES;
				CLANG_WARN_OBJC_LITERAL_CONVERSION = YES;
				CLANG_WARN_QUOTED_INCLUDE_IN_FRAMEWORK_HEADER = YES;
				CLANG_WARN_RANGE_LOOP_ANALYSIS = YES;
				CLANG_WARN_STRICT_PROTOTYPES = YES;
				CLANG_WARN_SUSPICIOUS_MOVE = YES;
				CLANG_WARN_UNREACHABLE_CODE = YES;
				CLANG_WARN__DUPLICATE_METHOD_MATCH = YES;
				DEBUG_INFORMATION_FORMAT = "dwarf-with-dsym";
				ENABLE_STRICT_OBJC_MSGSEND = YES;
				GCC_NO_COMMON_BLOCKS = YES;
				GCC_WARN_64_TO_32_BIT_CONVERSION = YES;
				GCC_WARN_ABOUT_RETURN_TYPE = YES;
				GCC_WARN_UNDECLARED_SELECTOR = YES;
				GCC_WARN_UNINITIALIZED_AUTOS = YES;
				GCC_WARN_UNUSED_FUNCTION = YES;
				GCC_WARN_UNUSED_VARIABLE = YES;
				SDKROOT = iphoneos;
				STRING_CATALOG_GENERATE_SYMBOLS = YES;
				SWIFT_COMPILATION_MODE = wholemodule;
				SWIFT_OPTIMIZATION_LEVEL = "-O";
			};
			name = Release;
		};
		E00000000000000000000012 /* Debug */ = {
			isa = XCBuildConfiguration;
			buildSettings = {
				CLANG_ENABLE_OBJC_WEAK = YES;
				CURRENT_PROJECT_VERSION = 1;
				GENERATE_INFOPLIST_FILE = NO;
				INFOPLIST_FILE = Roomlings/Info.plist;
				MARKETING_VERSION = 0.1.0;
				SUPPORTED_PLATFORMS = "iphoneos iphonesimulator";
			};
			name = Debug;
		};
		E00000000000000000000013 /* Release */ = {
			isa = XCBuildConfiguration;
			buildSettings = {
				CLANG_ENABLE_OBJC_WEAK = YES;
				CURRENT_PROJECT_VERSION = 1;
				GENERATE_INFOPLIST_FILE = NO;
				INFOPLIST_FILE = Roomlings/Info.plist;
				MARKETING_VERSION = 0.1.0;
				SUPPORTED_PLATFORMS = "iphoneos iphonesimulator";
			};
			name = Release;
		};
		E00000000000000000000014 /* Debug */ = {
			isa = XCBuildConfiguration;
			buildSettings = {
				BUNDLE_LOADER = "$(TEST_HOST)";
				CLANG_ENABLE_OBJC_WEAK = YES;
				GENERATE_INFOPLIST_FILE = YES;
				PRODUCT_BUNDLE_IDENTIFIER = com.roomlings.app.tests;
				PRODUCT_NAME = "$(TARGET_NAME)";
				TEST_HOST = "$(BUILT_PRODUCTS_DIR)/Roomlings.app/Roomlings";
			};
			name = Debug;
		};
		E00000000000000000000015 /* Release */ = {
			isa = XCBuildConfiguration;
			buildSettings = {
				BUNDLE_LOADER = "$(TEST_HOST)";
				CLANG_ENABLE_OBJC_WEAK = YES;
				GENERATE_INFOPLIST_FILE = YES;
				PRODUCT_BUNDLE_IDENTIFIER = com.roomlings.app.tests;
				PRODUCT_NAME = "$(TARGET_NAME)";
				TEST_HOST = "$(BUILT_PRODUCTS_DIR)/Roomlings.app/Roomlings";
			};
			name = Release;
		};
		E00000000000000000000016 /* Debug */ = {
			isa = XCBuildConfiguration;
			buildSettings = {
				CLANG_ENABLE_OBJC_WEAK = YES;
				GENERATE_INFOPLIST_FILE = NO;
				INFOPLIST_FILE = RoomlingsUITests/Info.plist;
				PRODUCT_BUNDLE_IDENTIFIER = com.roomlings.app.uitests;
				PRODUCT_NAME = "$(TARGET_NAME)";
				TEST_TARGET_NAME = Roomlings;
			};
			name = Debug;
		};
		E00000000000000000000017 /* Release */ = {
			isa = XCBuildConfiguration;
			buildSettings = {
				CLANG_ENABLE_OBJC_WEAK = YES;
				GENERATE_INFOPLIST_FILE = NO;
				INFOPLIST_FILE = RoomlingsUITests/Info.plist;
				PRODUCT_BUNDLE_IDENTIFIER = com.roomlings.app.uitests;
				PRODUCT_NAME = "$(TARGET_NAME)";
				TEST_TARGET_NAME = Roomlings;
			};
			name = Release;
		};
/* End XCBuildConfiguration section */

/* Begin XCConfigurationList section */
		E00000000000000000000001 /* Build configuration list for PBXProject "Roomlings" */ = {
			isa = XCConfigurationList;
			buildConfigurations = (
				E00000000000000000000010 /* Debug */,
				E00000000000000000000011 /* Release */,
			);
			defaultConfigurationIsVisible = 0;
			defaultConfigurationName = Release;
		};
		E00000000000000000000002 /* Build configuration list for PBXNativeTarget "Roomlings" */ = {
			isa = XCConfigurationList;
			buildConfigurations = (
				E00000000000000000000012 /* Debug */,
				E00000000000000000000013 /* Release */,
			);
			defaultConfigurationIsVisible = 0;
			defaultConfigurationName = Release;
		};
		E00000000000000000000003 /* Build configuration list for PBXNativeTarget "RoomlingsTests" */ = {
			isa = XCConfigurationList;
			buildConfigurations = (
				E00000000000000000000014 /* Debug */,
				E00000000000000000000015 /* Release */,
			);
			defaultConfigurationIsVisible = 0;
			defaultConfigurationName = Release;
		};
		E00000000000000000000004 /* Build configuration list for PBXNativeTarget "RoomlingsUITests" */ = {
			isa = XCConfigurationList;
			buildConfigurations = (
				E00000000000000000000016 /* Debug */,
				E00000000000000000000017 /* Release */,
			);
			defaultConfigurationIsVisible = 0;
			defaultConfigurationName = Release;
		};
/* End XCConfigurationList section */

/* Begin XCLocalSwiftPackageReference section */
		F00000000000000000000003 /* XCLocalSwiftPackageReference "Packages/RoomlingsCore" */ = {
			isa = XCLocalSwiftPackageReference;
			relativePath = Packages/RoomlingsCore;
		};
/* End XCLocalSwiftPackageReference section */

/* Begin XCSwiftPackageProductDependency section */
		F00000000000000000000002 /* RoomlingsCore */ = {
			isa = XCSwiftPackageProductDependency;
			package = F00000000000000000000003 /* XCLocalSwiftPackageReference "Packages/RoomlingsCore" */;
			productName = RoomlingsCore;
		};
/* End XCSwiftPackageProductDependency section */
	};
	rootObject = F00000000000000000000001 /* Project object */;
}
